// !$*UTF8*$!
{
	archiveVersion = 1;
	classes = {
	};
	objectVersion = 77;
	objects = {

/* Begin PBXBuildFile section */
		AA000001AABB0001006081EF /* SQLite in Frameworks */ = {isa = PBXBuildFile; productRef = AA000001AABB0002006081EF /* SQLite */; };
		AA000001AABB0003006081EF /* SQLite in Frameworks */ = {isa = PBXBuildFile; productRef = AA000001AABB0004006081EF /* SQLite */; };
		E41D93392F8AA5C100FB2880 /* WhisperKit in Frameworks */ = {isa = PBXBuildFile; productRef = E41D93382F8AA5C100FB2880 /* WhisperKit */; };
		E41D98A82F8B3B6E00FB2880 /* FluidAudio in Frameworks */ = {isa = PBXBuildFile; productRef = E41D98A72F8B3B6E00FB2880 /* FluidAudio */; };
		E47D102E2F5497AC006081EF /* SQLite in Frameworks */ = {isa = PBXBuildFile; productRef = E47D102D2F5497AC006081EF /* SQLite */; };
		E47D10372F54980E006081EF /* UniformTypeIdentifiers.framework in Frameworks */ = {isa = PBXBuildFile; fileRef = E47D10362F54980E006081EF /* UniformTypeIdentifiers.framework */; };
		E47D10432F54980E006081EF /* Add Feed.appex in Embed Foundation Extensions */ = {isa = PBXBuildFile; fileRef = E47D10342F54980E006081EF /* Add Feed.appex */; settings = {ATTRIBUTES = (RemoveHeadersOnCopy, ); }; };
		E47D104F2F549821006081EF /* WidgetKit.framework in Frameworks */ = {isa = PBXBuildFile; fileRef = E47D104E2F549821006081EF /* WidgetKit.framework */; };
		E47D10512F549821006081EF /* SwiftUI.framework in Frameworks */ = {isa = PBXBuildFile; fileRef = E47D10502F549821006081EF /* SwiftUI.framework */; };
		E47D105C2F549822006081EF /* WidgetsExtension.appex in Embed Foundation Extensions */ = {isa = PBXBuildFile; fileRef = E47D104D2F549821006081EF /* WidgetsExtension.appex */; settings = {ATTRIBUTES = (RemoveHeadersOnCopy, ); }; };
		E47D10632F54986D006081EF /* FaviconFinder in Frameworks */ = {isa = PBXBuildFile; productRef = E47D10622F54986D006081EF /* FaviconFinder */; };
		E47D13182F549F92006081EF /* SwiftSoup in Frameworks */ = {isa = PBXBuildFile; productRef = E47D13172F549F92006081EF /* SwiftSoup */; };
/* End PBXBuildFile section */

/* Begin PBXContainerItemProxy section */
		E47D10412F54980E006081EF /* PBXContainerItemProxy */ = {
			isa = PBXContainerItemProxy;
			containerPortal = E47D10132F549605006081EF /* Project object */;
			proxyType = 1;
			remoteGlobalIDString = E47D10332F54980E006081EF;
			remoteInfo = "Add Feed";
		};
		E47D105A2F549822006081EF /* PBXContainerItemProxy */ = {
			isa = PBXContainerItemProxy;
			containerPortal = E47D10132F549605006081EF /* Project object */;
			proxyType = 1;
			remoteGlobalIDString = E47D104C2F549821006081EF;
			remoteInfo = WidgetsExtension;
		};
/* End PBXContainerItemProxy section */

/* Begin PBXCopyFilesBuildPhase section */
		E47D10482F54980E006081EF /* Embed Foundation Extensions */ = {
			isa = PBXCopyFilesBuildPhase;
			buildActionMask = 2147483647;
			dstPath = "";
			dstSubfolderSpec = 13;
			files = (
				E47D105C2F549822006081EF /* WidgetsExtension.appex in Embed Foundation Extensions */,
				E47D10432F54980E006081EF /* Add Feed.appex in Embed Foundation Extensions */,
			);
			name = "Embed Foundation Extensions";
			runOnlyForDeploymentPostprocessing = 0;
		};
/* End PBXCopyFilesBuildPhase section */

/* Begin PBXFileReference section */
		E47D101B2F549605006081EF /* Sakura.app */ = {isa = PBXFileReference; explicitFileType = wrapper.application; includeInIndex = 0; path = Sakura.app; sourceTree = BUILT_PRODUCTS_DIR; };
		E47D10342F54980E006081EF /* Add Feed.appex */ = {isa = PBXFileReference; explicitFileType = "wrapper.app-extension"; includeInIndex = 0; path = "Add Feed.appex"; sourceTree = BUILT_PRODUCTS_DIR; };
		E47D10362F54980E006081EF /* UniformTypeIdentifiers.framework */ = {isa = PBXFileReference; lastKnownFileType = wrapper.framework; name = UniformTypeIdentifiers.framework; path = System/Library/Frameworks/UniformTypeIdentifiers.framework; sourceTree = SDKROOT; };
		E47D104D2F549821006081EF /* WidgetsExtension.appex */ = {isa = PBXFileReference; explicitFileType = "wrapper.app-extension"; includeInIndex = 0; path = WidgetsExtension.appex; sourceTree = BUILT_PRODUCTS_DIR; };
		E47D104E2F549821006081EF /* WidgetKit.framework */ = {isa = PBXFileReference; lastKnownFileType = wrapper.framework; name = WidgetKit.framework; path = System/Library/Frameworks/WidgetKit.framework; sourceTree = SDKROOT; };
		E47D10502F549821006081EF /* SwiftUI.framework */ = {isa = PBXFileReference; lastKnownFileType = wrapper.framework; name = SwiftUI.framework; path = System/Library/Frameworks/SwiftUI.framework; sourceTree = SDKROOT; };
/* End PBXFileReference section */

/* Begin PBXFileSystemSynchronizedBuildFileExceptionSet section */
		E47D10442F54980E006081EF /* Exceptions for "Add Feed" folder in "Add Feed" target */ = {
			isa = PBXFileSystemSynchronizedBuildFileExceptionSet;
			membershipExceptions = (
				Info.plist,
			);
			target = E47D10332F54980E006081EF /* Add Feed */;
		};
		E47D105D2F549822006081EF /* Exceptions for "Widgets" folder in "WidgetsExtension" target */ = {
			isa = PBXFileSystemSynchronizedBuildFileExceptionSet;
			membershipExceptions = (
				Info.plist,
			);
			target = E47D104C2F549821006081EF /* WidgetsExtension */;
		};
		E47D13142F549D4D006081EF /* Exceptions for "SakuraRSS" folder in "Sakura" target */ = {
			isa = PBXFileSystemSynchronizedBuildFileExceptionSet;
			membershipExceptions = (
				Info.plist,
			);
			target = E47D101A2F549605006081EF /* Sakura */;
		};
		E4F2F02C2F839D74006E0EDA /* Exceptions for "Shared" folder in "Add Feed" target */ = {
			isa = PBXFileSystemSynchronizedBuildFileExceptionSet;
			membershipExceptions = (
				"Article Extractor/ArticleExtractor.swift",
				"Article Extractor/ArticleExtractor+Embeds.swift",
				"Article Extractor/ArticleExtractor+Noise.swift",
				"Article Extractor/ArticleExtractor+TextContent.swift",
				"Article Extractor/WebViewExtractor.swift",
				"Favicon Cache/FaviconCache.swift",
				"Favicon Cache/FaviconCache+CustomIcons.swift",
				"Favicon Cache/FaviconCache+Fetching.swift",
				"Favicon Cache/FaviconCache+HTMLParsing.swift",
				"Favicon Cache/FaviconCache+Profiles.swift",
				"Favicon Cache/FaviconCache+PWA.swift",
				"Favicon Cache/FaviconCache+Trimming.swift",
				Network/NetworkMonitor.swift,
				Petal/PetalAutoDetect.swift,
				Petal/PetalEngine/PetalEngine.swift,
				"Petal/PetalEngine/PetalEngine+Dates.swift",
				"Petal/PetalEngine/PetalEngine+Fetching.swift",
				"Petal/PetalEngine/PetalEngine+Parsing.swift",
				Petal/PetalWebViewLoader.swift,
				"Podcast Downloads/PodcastDownloadManager.swift",
				"Podcast Transcriber/Engines/FluidTranscriberEngine.swift",
				"Podcast Transcriber/PodcastTranscriber.swift",
				"Podcast Transcriber/TranscriptionEngine.swift",
				SponsorBlock/SponsorBlockClient.swift,
			);
			target = E47D10332F54980E006081EF /* Add Feed */;
		};
		E4F2F02D2F839D74006E0EDA /* Exceptions for "Shared" folder in "WidgetsExtension" target */ = {
			isa = PBXFileSystemSynchronizedBuildFileExceptionSet;
			membershipExceptions = (
				"Article Extractor/ArticleExtractor.swift",
				"Article Extractor/ArticleExtractor+Embeds.swift",
				"Article Extractor/ArticleExtractor+Noise.swift",
				"Article Extractor/ArticleExtractor+TextContent.swift",
				"Article Extractor/WebViewExtractor.swift",
				"Favicon Cache/FaviconCache.swift",
				"Favicon Cache/FaviconCache+CustomIcons.swift",
				"Favicon Cache/FaviconCache+Fetching.swift",
				"Favicon Cache/FaviconCache+HTMLParsing.swift",
				"Favicon Cache/FaviconCache+Profiles.swift",
				"Favicon Cache/FaviconCache+PWA.swift",
				"Favicon Cache/FaviconCache+Trimming.swift",
				Network/NetworkMonitor.swift,
				Petal/PetalAutoDetect.swift,
				Petal/PetalEngine/PetalEngine.swift,
				"Petal/PetalEngine/PetalEngine+Dates.swift",
				"Petal/PetalEngine/PetalEngine+Fetching.swift",
				"Petal/PetalEngine/PetalEngine+Parsing.swift",
				Petal/PetalWebViewLoader.swift,
				"Podcast Downloads/PodcastDownloadManager.swift",
				"Podcast Transcriber/Engines/FluidTranscriberEngine.swift",
				"Podcast Transcriber/PodcastTranscriber.swift",
				"Podcast Transcriber/TranscriptionEngine.swift",
				SponsorBlock/SponsorBlockClient.swift,
			);
			target = E47D104C2F549821006081EF /* WidgetsExtension */;
		};
/* End PBXFileSystemSynchronizedBuildFileExceptionSet section */

/* Begin PBXFileSystemSynchronizedRootGroup section */
		E47D101D2F549605006081EF /* SakuraRSS */ = {
			isa = PBXFileSystemSynchronizedRootGroup;
			exceptions = (
				E47D13142F549D4D006081EF /* Exceptions for "SakuraRSS" folder in "Sakura" target */,
			);
			path = SakuraRSS;
			sourceTree = "<group>";
		};
		E47D10292F549709006081EF /* Shared */ = {
			isa = PBXFileSystemSynchronizedRootGroup;
			exceptions = (
				E4F2F02C2F839D74006E0EDA /* Exceptions for "Shared" folder in "Add Feed" target */,
				E4F2F02D2F839D74006E0EDA /* Exceptions for "Shared" folder in "WidgetsExtension" target */,
			);
			path = Shared;
			sourceTree = "<group>";
		};
		E47D10382F54980E006081EF /* Add Feed */ = {
			isa = PBXFileSystemSynchronizedRootGroup;
			exceptions = (
				E47D10442F54980E006081EF /* Exceptions for "Add Feed" folder in "Add Feed" target */,
			);
			path = "Add Feed";
			sourceTree = "<group>";
		};
		E47D10522F549821006081EF /* Widgets */ = {
			isa = PBXFileSystemSynchronizedRootGroup;
			exceptions = (
				E47D105D2F549822006081EF /* Exceptions for "Widgets" folder in "WidgetsExtension" target */,
			);
			path = Widgets;
			sourceTree = "<group>";
		};
/* End PBXFileSystemSynchronizedRootGroup section */

/* Begin PBXFrameworksBuildPhase section */
		E47D10182F549605006081EF /* Frameworks */ = {
			isa = PBXFrameworksBuildPhase;
			buildActionMask = 2147483647;
			files = (
				E47D102E2F5497AC006081EF /* SQLite in Frameworks */,
				E47D10632F54986D006081EF /* FaviconFinder in Frameworks */,
				E41D93392F8AA5C100FB2880 /* WhisperKit in Frameworks */,
				E41D98A82F8B3B6E00FB2880 /* FluidAudio in Frameworks */,
				E47D13182F549F92006081EF /* SwiftSoup in Frameworks */,
			);
			runOnlyForDeploymentPostprocessing = 0;
		};
		E47D10312F54980E006081EF /* Frameworks */ = {
			isa = PBXFrameworksBuildPhase;
			buildActionMask = 2147483647;
			files = (
				E47D10372F54980E006081EF /* UniformTypeIdentifiers.framework in Frameworks */,
				AA000001AABB0001006081EF /* SQLite in Frameworks */,
			);
			runOnlyForDeploymentPostprocessing = 0;
		};
		E47D104A2F549821006081EF /* Frameworks */ = {
			isa = PBXFrameworksBuildPhase;
			buildActionMask = 2147483647;
			files = (
				E47D10512F549821006081EF /* SwiftUI.framework in Frameworks */,
				E47D104F2F549821006081EF /* WidgetKit.framework in Frameworks */,
				AA000001AABB0003006081EF /* SQLite in Frameworks */,
			);
			runOnlyForDeploymentPostprocessing = 0;
		};
/* End PBXFrameworksBuildPhase section */

/* Begin PBXGroup section */
		E47D10122F549605006081EF = {
			isa = PBXGroup;
			children = (
				E47D10292F549709006081EF /* Shared */,
				E47D101D2F549605006081EF /* SakuraRSS */,
				E47D10382F54980E006081EF /* Add Feed */,
				E47D10522F549821006081EF /* Widgets */,
				E47D10352F54980E006081EF /* Frameworks */,
				E47D101C2F549605006081EF /* Products */,
			);
			sourceTree = "<group>";
		};
		E47D101C2F549605006081EF /* Products */ = {
			isa = PBXGroup;
			children = (
				E47D101B2F549605006081EF /* Sakura.app */,
				E47D10342F54980E006081EF /* Add Feed.appex */,
				E47D104D2F549821006081EF /* WidgetsExtension.appex */,
			);
			name = Products;
			sourceTree = "<group>";
		};
		E47D10352F54980E006081EF /* Frameworks */ = {
			isa = PBXGroup;
			children = (
				E47D10362F54980E006081EF /* UniformTypeIdentifiers.framework */,
				E47D104E2F549821006081EF /* WidgetKit.framework */,
				E47D10502F549821006081EF /* SwiftUI.framework */,
			);
			name = Frameworks;
			sourceTree = "<group>";
		};
/* End PBXGroup section */

/* Begin PBXNativeTarget section */
		E47D101A2F549605006081EF /* Sakura */ = {
			isa = PBXNativeTarget;
			buildConfigurationList = E47D10262F549606006081EF /* Build configuration list for PBXNativeTarget "Sakura" */;
			buildPhases = (
				E47D10172F549605006081EF /* Sources */,
				E47D10182F549605006081EF /* Frameworks */,
				E47D10192F549605006081EF /* Resources */,
				E47D10482F54980E006081EF /* Embed Foundation Extensions */,
				E47D13152F549EA3006081EF /* ShellScript */,
			);
			buildRules = (
			);
			dependencies = (
				E47D10422F54980E006081EF /* PBXTargetDependency */,
				E47D105B2F549822006081EF /* PBXTargetDependency */,
			);
			fileSystemSynchronizedGroups = (
				E47D101D2F549605006081EF /* SakuraRSS */,
				E47D10292F549709006081EF /* Shared */,
			);
			name = Sakura;
			packageProductDependencies = (
				E47D102D2F5497AC006081EF /* SQLite */,
				E47D10622F54986D006081EF /* FaviconFinder */,
				E47D13172F549F92006081EF /* SwiftSoup */,
				E41D93382F8AA5C100FB2880 /* WhisperKit */,
				E41D98A72F8B3B6E00FB2880 /* FluidAudio */,
			);
			productName = SakuraRSS;
			productReference = E47D101B2F549605006081EF /* Sakura.app */;
			productType = "com.apple.product-type.application";
		};
		E47D10332F54980E006081EF /* Add Feed */ = {
			isa = PBXNativeTarget;
			buildConfigurationList = E47D10452F54980E006081EF /* Build configuration list for PBXNativeTarget "Add Feed" */;
			buildPhases = (
				E47D10302F54980E006081EF /* Sources */,
				E47D10312F54980E006081EF /* Frameworks */,
				E47D10322F54980E006081EF /* Resources */,
			);
			buildRules = (
			);
			dependencies = (
			);
			fileSystemSynchronizedGroups = (
				E47D10292F549709006081EF /* Shared */,
				E47D10382F54980E006081EF /* Add Feed */,
			);
			name = "Add Feed";
			packageProductDependencies = (
				AA000001AABB0002006081EF /* SQLite */,
			);
			productName = "Add Feed";
			productReference = E47D10342F54980E006081EF /* Add Feed.appex */;
			productType = "com.apple.product-type.app-extension";
		};
		E47D104C2F549821006081EF /* WidgetsExtension */ = {
			isa = PBXNativeTarget;
			buildConfigurationList = E47D105E2F549822006081EF /* Build configuration list for PBXNativeTarget "WidgetsExtension" */;
			buildPhases = (
				E47D10492F549821006081EF /* Sources */,
				E47D104A2F549821006081EF /* Frameworks */,
				E47D104B2F549821006081EF /* Resources */,
			);
			buildRules = (
			);
			dependencies = (
			);
			fileSystemSynchronizedGroups = (
				E47D10292F549709006081EF /* Shared */,
				E47D10522F549821006081EF /* Widgets */,
			);
			name = WidgetsExtension;
			packageProductDependencies = (
				AA000001AABB0004006081EF /* SQLite */,
			);
			productName = WidgetsExtension;
			productReference = E47D104D2F549821006081EF /* WidgetsExtension.appex */;
			productType = "com.apple.product-type.app-extension";
		};
/* End PBXNativeTarget section */

/* Begin PBXProject section */
		E47D10132F549605006081EF /* Project object */ = {
			isa = PBXProject;
			attributes = {
				BuildIndependentTargetsInParallel = 1;
				LastSwiftUpdateCheck = 2630;
				LastUpgradeCheck = 2640;
				TargetAttributes = {
					E47D101A2F549605006081EF = {
						CreatedOnToolsVersion = 26.3;
					};
					E47D10332F54980E006081EF = {
						CreatedOnToolsVersion = 26.3;
					};
					E47D104C2F549821006081EF = {
						CreatedOnToolsVersion = 26.3;
					};
				};
			};
			buildConfigurationList = E47D10162F549605006081EF /* Build configuration list for PBXProject "SakuraRSS" */;
			developmentRegion = en;
			hasScannedForEncodings = 0;
			knownRegions = (
				en,
				Base,
				ja,
				"zh-Hans",
				"zh-Hant",
				ko,
				vi,
				de,
				fr,
				it,
			);
			mainGroup = E47D10122F549605006081EF;
			minimizedProjectReferenceProxies = 1;
			packageReferences = (
				E47D102C2F5497AC006081EF /* XCRemoteSwiftPackageReference "SQLite.swift" */,
				E47D10612F54986D006081EF /* XCRemoteSwiftPackageReference "FaviconFinder" */,
				E47D13162F549F92006081EF /* XCRemoteSwiftPackageReference "SwiftSoup" */,
				E41D93372F8AA5C100FB2880 /* XCRemoteSwiftPackageReference "WhisperKit" */,
				E41D98A62F8B3B6E00FB2880 /* XCRemoteSwiftPackageReference "FluidAudio" */,
			);
			preferredProjectObjectVersion = 77;
			productRefGroup = E47D101C2F549605006081EF /* Products */;
			projectDirPath = "";
			projectRoot = "";
			targets = (
				E47D101A2F549605006081EF /* Sakura */,
				E47D10332F54980E006081EF /* Add Feed */,
				E47D104C2F549821006081EF /* WidgetsExtension */,
			);
		};
/* End PBXProject section */

/* Begin PBXResourcesBuildPhase section */
		E47D10192F549605006081EF /* Resources */ = {
			isa = PBXResourcesBuildPhase;
			buildActionMask = 2147483647;
			files = (
			);
			runOnlyForDeploymentPostprocessing = 0;
		};
		E47D10322F54980E006081EF /* Resources */ = {
			isa = PBXResourcesBuildPhase;
			buildActionMask = 2147483647;
			files = (
			);
			runOnlyForDeploymentPostprocessing = 0;
		};
		E47D104B2F549821006081EF /* Resources */ = {
			isa = PBXResourcesBuildPhase;
			buildActionMask = 2147483647;
			files = (
			);
			runOnlyForDeploymentPostprocessing = 0;
		};
/* End PBXResourcesBuildPhase section */

/* Begin PBXShellScriptBuildPhase section */
		E47D13152F549EA3006081EF /* ShellScript */ = {
			isa = PBXShellScriptBuildPhase;
			alwaysOutOfDate = 1;
			buildActionMask = 2147483647;
			files = (
			);
			inputFileListPaths = (
			);
			inputPaths = (
			);
			outputFileListPaths = (
			);
			outputPaths = (
			);
			runOnlyForDeploymentPostprocessing = 0;
			shellPath = /bin/sh;
			shellScript = "export PATH=\"$PATH:/opt/homebrew/bin\"\nif which swiftlint > /dev/null; then\n  swiftlint\nelse\n  echo \"warning: SwiftLint not installed, download from https://github.com/realm/SwiftLint\"\nfi\n";
		};
/* End PBXShellScriptBuildPhase section */

/* Begin PBXSourcesBuildPhase section */
		E47D10172F549605006081EF /* Sources */ = {
			isa = PBXSourcesBuildPhase;
			buildActionMask = 2147483647;
			files = (
			);
			runOnlyForDeploymentPostprocessing = 0;
		};
		E47D10302F54980E006081EF /* Sources */ = {
			isa = PBXSourcesBuildPhase;
			buildActionMask = 2147483647;
			files = (
			);
			runOnlyForDeploymentPostprocessing = 0;
		};
		E47D10492F549821006081EF /* Sources */ = {
			isa = PBXSourcesBuildPhase;
			buildActionMask = 2147483647;
			files = (
			);
			runOnlyForDeploymentPostprocessing = 0;
		};
/* End PBXSourcesBuildPhase section */

/* Begin PBXTargetDependency section */
		E47D10422F54980E006081EF /* PBXTargetDependency */ = {
			isa = PBXTargetDependency;
			target = E47D10332F54980E006081EF /* Add Feed */;
			targetProxy = E47D10412F54980E006081EF /* PBXContainerItemProxy */;
		};
		E47D105B2F549822006081EF /* PBXTargetDependency */ = {
			isa = PBXTargetDependency;
			target = E47D104C2F549821006081EF /* WidgetsExtension */;
			targetProxy = E47D105A2F549822006081EF /* PBXContainerItemProxy */;
		};
/* End PBXTargetDependency section */

/* Begin XCBuildConfiguration section */
		E47D10242F549606006081EF /* Debug */ = {
			isa = XCBuildConfiguration;
			buildSettings = {
				ALWAYS_SEARCH_USER_PATHS = NO;
				ASSETCATALOG_COMPILER_GENERATE_SWIFT_ASSET_SYMBOL_EXTENSIONS = YES;
				CLANG_ANALYZER_LOCALIZABILITY_NONLOCALIZED = YES;
				CLANG_ANALYZER_NONNULL = YES;
				CLANG_ANALYZER_NUMBER_OBJECT_CONVERSION = YES_AGGRESSIVE;
				CLANG_CXX_LANGUAGE_STANDARD = "gnu++20";
				CLANG_ENABLE_MODULES = YES;
				CLANG_ENABLE_OBJC_ARC = YES;
				CLANG_ENABLE_OBJC_WEAK = YES;
				CLANG_WARN_BLOCK_CAPTURE_AUTORELEASING = YES;
				CLANG_WARN_BOOL_CONVERSION = YES;
				CLANG_WARN_COMMA = YES;
				CLANG_WARN_CONSTANT_CONVERSION = YES;
				CLANG_WARN_DEPRECATED_OBJC_IMPLEMENTATIONS = YES;
				CLANG_WARN_DIRECT_OBJC_ISA_USAGE = YES_ERROR;
				CLANG_WARN_DOCUMENTATION_COMMENTS = YES;
				CLANG_WARN_EMPTY_BODY = YES;
				CLANG_WARN_ENUM_CONVERSION = YES;
				CLANG_WARN_INFINITE_RECURSION = YES;
				CLANG_WARN_INT_CONVERSION = YES;
				CLANG_WARN_NON_LITERAL_NULL_CONVERSION = YES;
				CLANG_WARN_OBJC_IMPLICIT_RETAIN_SELF = YES;
				CLANG_WARN_OBJC_LITERAL_CONVERSION = YES;
				CLANG_WARN_OBJC_ROOT_CLASS = YES_ERROR;
				CLANG_WARN_QUOTED_INCLUDE_IN_FRAMEWORK_HEADER = YES;
				CLANG_WARN_RANGE_LOOP_ANALYSIS = YES;
				CLANG_WARN_STRICT_PROTOTYPES = YES;
				CLANG_WARN_SUSPICIOUS_MOVE = YES;
				CLANG_WARN_UNGUARDED_AVAILABILITY = YES_AGGRESSIVE;
				CLANG_WARN_UNREACHABLE_CODE = YES;
				CLANG_WARN__DUPLICATE_METHOD_MATCH = YES;
				COPY_PHASE_STRIP = NO;
				DEBUG_INFORMATION_FORMAT = dwarf;
				DEVELOPMENT_TEAM = YYM4Z6MU8F;
				ENABLE_STRICT_OBJC_MSGSEND = YES;
				ENABLE_TESTABILITY = YES;
				ENABLE_USER_SCRIPT_SANDBOXING = YES;
				GCC_C_LANGUAGE_STANDARD = gnu17;
				GCC_DYNAMIC_NO_PIC = NO;
				GCC_NO_COMMON_BLOCKS = YES;
				GCC_OPTIMIZATION_LEVEL = 0;
				GCC_PREPROCESSOR_DEFINITIONS = (
					"DEBUG=1",
					"$(inherited)",
				);
				GCC_WARN_64_TO_32_BIT_CONVERSION = YES;
				GCC_WARN_ABOUT_RETURN_TYPE = YES_ERROR;
				GCC_WARN_UNDECLARED_SELECTOR = YES;
				GCC_WARN_UNINITIALIZED_AUTOS = YES_AGGRESSIVE;
				GCC_WARN_UNUSED_FUNCTION = YES;
				GCC_WARN_UNUSED_VARIABLE = YES;
				IPHONEOS_DEPLOYMENT_TARGET = 26.0;
				LOCALIZATION_PREFERS_STRING_CATALOGS = YES;
				MTL_ENABLE_DEBUG_INFO = INCLUDE_SOURCE;
				MTL_FAST_MATH = YES;
				ONLY_ACTIVE_ARCH = YES;
				SDKROOT = iphoneos;
				STRING_CATALOG_GENERATE_SYMBOLS = YES;
				SWIFT_ACTIVE_COMPILATION_CONDITIONS = "DEBUG $(inherited)";
				SWIFT_EMIT_LOC_STRINGS = YES;
				SWIFT_OPTIMIZATION_LEVEL = "-Onone";
			};
			name = Debug;
		};
		E47D10252F549606006081EF /* Release */ = {
			isa = XCBuildConfiguration;
			buildSettings = {
				ALWAYS_SEARCH_USER_PATHS = NO;
				ASSETCATALOG_COMPILER_GENERATE_SWIFT_ASSET_SYMBOL_EXTENSIONS = YES;
				CLANG_ANALYZER_LOCALIZABILITY_NONLOCALIZED = YES;
				CLANG_ANALYZER_NONNULL = YES;
				CLANG_ANALYZER_NUMBER_OBJECT_CONVERSION = YES_AGGRESSIVE;
				CLANG_CXX_LANGUAGE_STANDARD = "gnu++20";
				CLANG_ENABLE_MODULES = YES;
				CLANG_ENABLE_OBJC_ARC = YES;
				CLANG_ENABLE_OBJC_WEAK = YES;
				CLANG_WARN_BLOCK_CAPTURE_AUTORELEASING = YES;
				CLANG_WARN_BOOL_CONVERSION = YES;
				CLANG_WARN_COMMA = YES;
				CLANG_WARN_CONSTANT_CONVERSION = YES;
				CLANG_WARN_DEPRECATED_OBJC_IMPLEMENTATIONS = YES;
				CLANG_WARN_DIRECT_OBJC_ISA_USAGE = YES_ERROR;
				CLANG_WARN_DOCUMENTATION_COMMENTS = YES;
				CLANG_WARN_EMPTY_BODY = YES;
				CLANG_WARN_ENUM_CONVERSION = YES;
				CLANG_WARN_INFINITE_RECURSION = YES;
				CLANG_WARN_INT_CONVERSION = YES;
				CLANG_WARN_NON_LITERAL_NULL_CONVERSION = YES;
				CLANG_WARN_OBJC_IMPLICIT_RETAIN_SELF = YES;
				CLANG_WARN_OBJC_LITERAL_CONVERSION = YES;
				CLANG_WARN_OBJC_ROOT_CLASS = YES_ERROR;
				CLANG_WARN_QUOTED_INCLUDE_IN_FRAMEWORK_HEADER = YES;
				CLANG_WARN_RANGE_LOOP_ANALYSIS = YES;
				CLANG_WARN_STRICT_PROTOTYPES = YES;
				CLANG_WARN_SUSPICIOUS_MOVE = YES;
				CLANG_WARN_UNGUARDED_AVAILABILITY = YES_AGGRESSIVE;
				CLANG_WARN_UNREACHABLE_CODE = YES;
				CLANG_WARN__DUPLICATE_METHOD_MATCH = YES;
				COPY_PHASE_STRIP = NO;
				DEBUG_INFORMATION_FORMAT = "dwarf-with-dsym";
				DEVELOPMENT_TEAM = YYM4Z6MU8F;
				ENABLE_NS_ASSERTIONS = NO;
				ENABLE_STRICT_OBJC_MSGSEND = YES;
				ENABLE_USER_SCRIPT_SANDBOXING = YES;
				GCC_C_LANGUAGE_STANDARD = gnu17;
				GCC_NO_COMMON_BLOCKS = YES;
				GCC_WARN_64_TO_32_BIT_CONVERSION = YES;
				GCC_WARN_ABOUT_RETURN_TYPE = YES_ERROR;
				GCC_WARN_UNDECLARED_SELECTOR = YES;
				GCC_WARN_UNINITIALIZED_AUTOS = YES_AGGRESSIVE;
				GCC_WARN_UNUSED_FUNCTION = YES;
				GCC_WARN_UNUSED_VARIABLE = YES;
				IPHONEOS_DEPLOYMENT_TARGET = 26.0;
				LOCALIZATION_PREFERS_STRING_CATALOGS = YES;
				MTL_ENABLE_DEBUG_INFO = NO;
				MTL_FAST_MATH = YES;
				SDKROOT = iphoneos;
				STRING_CATALOG_GENERATE_SYMBOLS = YES;
				SWIFT_COMPILATION_MODE = wholemodule;
				SWIFT_EMIT_LOC_STRINGS = YES;
				VALIDATE_PRODUCT = YES;
			};
			name = Release;
		};
		E47D10272F549606006081EF /* Debug */ = {
			isa = XCBuildConfiguration;
			buildSettings = {
				ASSETCATALOG_COMPILER_APPICON_NAME = AppIcon;
				ASSETCATALOG_COMPILER_GLOBAL_ACCENT_COLOR_NAME = AccentColor;
				CODE_SIGN_ENTITLEMENTS = Shared/SakuraRSS.entitlements;
				CODE_SIGN_STYLE = Automatic;
				CURRENT_PROJECT_VERSION = 1;
				DEVELOPMENT_TEAM = YYM4Z6MU8F;
				ENABLE_PREVIEWS = YES;
				ENABLE_USER_SCRIPT_SANDBOXING = NO;
				GENERATE_INFOPLIST_FILE = YES;
				INFOPLIST_FILE = SakuraRSS/Info.plist;
				INFOPLIST_KEY_BGTaskSchedulerPermittedIdentifiers = "$(PRODUCT_BUNDLE_IDENTIFIER).refresh";
				INFOPLIST_KEY_LSApplicationCategoryType = "public.app-category.news";
				INFOPLIST_KEY_UIApplicationSceneManifest_Generation = YES;
				INFOPLIST_KEY_UIApplicationSupportsIndirectInputEvents = YES;
				INFOPLIST_KEY_UIBackgroundModes = fetch;
				INFOPLIST_KEY_UILaunchScreen_Generation = YES;
				INFOPLIST_KEY_UISupportedInterfaceOrientations = "UIInterfaceOrientationLandscapeLeft UIInterfaceOrientationLandscapeRight UIInterfaceOrientationPortrait";
				INFOPLIST_KEY_UISupportedInterfaceOrientations_iPad = "UIInterfaceOrientationLandscapeLeft UIInterfaceOrientationLandscapeRight UIInterfaceOrientationPortrait UIInterfaceOrientationPortraitUpsideDown";
				IPHONEOS_DEPLOYMENT_TARGET = 26.0;
				LD_RUNPATH_SEARCH_PATHS = (
					"$(inherited)",
					"@executable_path/Frameworks",
				);
				MARKETING_VERSION = 1.5;
				PRODUCT_BUNDLE_IDENTIFIER = com.tsubuzaki.SakuraRSS;
				PRODUCT_NAME = "$(TARGET_NAME)";
				STRING_CATALOG_GENERATE_SYMBOLS = YES;
				SUPPORTED_PLATFORMS = "iphoneos iphonesimulator";
				SUPPORTS_MACCATALYST = NO;
				SUPPORTS_MAC_DESIGNED_FOR_IPHONE_IPAD = YES;
				SUPPORTS_XR_DESIGNED_FOR_IPHONE_IPAD = NO;
				SWIFT_APPROACHABLE_CONCURRENCY = YES;
				SWIFT_DEFAULT_ACTOR_ISOLATION = MainActor;
				SWIFT_EMIT_LOC_STRINGS = YES;
				SWIFT_UPCOMING_FEATURE_MEMBER_IMPORT_VISIBILITY = YES;
				SWIFT_VERSION = 6.0;
				TARGETED_DEVICE_FAMILY = "1,2";
			};
			name = Debug;
		};
		E47D10282F549606006081EF /* Release */ = {
			isa = XCBuildConfiguration;
			buildSettings = {
				ASSETCATALOG_COMPILER_APPICON_NAME = AppIcon;
				ASSETCATALOG_COMPILER_GLOBAL_ACCENT_COLOR_NAME = AccentColor;
				CODE_SIGN_ENTITLEMENTS = Shared/SakuraRSS.entitlements;
				CODE_SIGN_STYLE = Automatic;
				CURRENT_PROJECT_VERSION = 1;
				DEVELOPMENT_TEAM = YYM4Z6MU8F;
				ENABLE_PREVIEWS = YES;
				ENABLE_USER_SCRIPT_SANDBOXING = NO;
				GENERATE_INFOPLIST_FILE = YES;
				INFOPLIST_FILE = SakuraRSS/Info.plist;
				INFOPLIST_KEY_BGTaskSchedulerPermittedIdentifiers = "$(PRODUCT_BUNDLE_IDENTIFIER).refresh";
				INFOPLIST_KEY_LSApplicationCategoryType = "public.app-category.news";
				INFOPLIST_KEY_UIApplicationSceneManifest_Generation = YES;
				INFOPLIST_KEY_UIApplicationSupportsIndirectInputEvents = YES;
				INFOPLIST_KEY_UIBackgroundModes = fetch;
				INFOPLIST_KEY_UILaunchScreen_Generation = YES;
				INFOPLIST_KEY_UISupportedInterfaceOrientations = "UIInterfaceOrientationLandscapeLeft UIInterfaceOrientationLandscapeRight UIInterfaceOrientationPortrait";
				INFOPLIST_KEY_UISupportedInterfaceOrientations_iPad = "UIInterfaceOrientationLandscapeLeft UIInterfaceOrientationLandscapeRight UIInterfaceOrientationPortrait UIInterfaceOrientationPortraitUpsideDown";
				IPHONEOS_DEPLOYMENT_TARGET = 26.0;
				LD_RUNPATH_SEARCH_PATHS = (
					"$(inherited)",
					"@executable_path/Frameworks",
				);
				MARKETING_VERSION = 1.5;
				PRODUCT_BUNDLE_IDENTIFIER = com.tsubuzaki.SakuraRSS;
				PRODUCT_NAME = "$(TARGET_NAME)";
				STRING_CATALOG_GENERATE_SYMBOLS = YES;
				SUPPORTED_PLATFORMS = "iphoneos iphonesimulator";
				SUPPORTS_MACCATALYST = NO;
				SUPPORTS_MAC_DESIGNED_FOR_IPHONE_IPAD = YES;
				SUPPORTS_XR_DESIGNED_FOR_IPHONE_IPAD = NO;
				SWIFT_APPROACHABLE_CONCURRENCY = YES;
				SWIFT_DEFAULT_ACTOR_ISOLATION = MainActor;
				SWIFT_EMIT_LOC_STRINGS = YES;
				SWIFT_UPCOMING_FEATURE_MEMBER_IMPORT_VISIBILITY = YES;
				SWIFT_VERSION = 6.0;
				TARGETED_DEVICE_FAMILY = "1,2";
			};
			name = Release;
		};
		E47D10462F54980E006081EF /* Debug */ = {
			isa = XCBuildConfiguration;
			buildSettings = {
				ASSETCATALOG_COMPILER_APPICON_NAME = ActionExtensionIcon;
				CODE_SIGN_ENTITLEMENTS = Shared/SakuraRSS.entitlements;
				CODE_SIGN_STYLE = Automatic;
				CURRENT_PROJECT_VERSION = 1;
				DEVELOPMENT_TEAM = YYM4Z6MU8F;
				GENERATE_INFOPLIST_FILE = YES;
				INFOPLIST_FILE = "Add Feed/Info.plist";
				INFOPLIST_KEY_CFBundleDisplayName = "Add Feed";
				INFOPLIST_KEY_NSHumanReadableCopyright = "";
				IPHONEOS_DEPLOYMENT_TARGET = 26.0;
				LD_RUNPATH_SEARCH_PATHS = (
					"$(inherited)",
					"@executable_path/Frameworks",
					"@executable_path/../../Frameworks",
				);
				MARKETING_VERSION = 1.5;
				PRODUCT_BUNDLE_IDENTIFIER = "com.tsubuzaki.SakuraRSS.Add-Feed";
				PRODUCT_NAME = "$(TARGET_NAME)";
				SKIP_INSTALL = YES;
				STRING_CATALOG_GENERATE_SYMBOLS = YES;
				SUPPORTED_PLATFORMS = "iphoneos iphonesimulator";
				SUPPORTS_MACCATALYST = NO;
				SUPPORTS_MAC_DESIGNED_FOR_IPHONE_IPAD = YES;
				SUPPORTS_XR_DESIGNED_FOR_IPHONE_IPAD = NO;
				SWIFT_APPROACHABLE_CONCURRENCY = YES;
				SWIFT_DEFAULT_ACTOR_ISOLATION = MainActor;
				SWIFT_EMIT_LOC_STRINGS = YES;
				SWIFT_UPCOMING_FEATURE_MEMBER_IMPORT_VISIBILITY = YES;
				SWIFT_VERSION = 6.0;
				TARGETED_DEVICE_FAMILY = "1,2";
			};
			name = Debug;
		};
		E47D10472F54980E006081EF /* Release */ = {
			isa = XCBuildConfiguration;
			buildSettings = {
				ASSETCATALOG_COMPILER_APPICON_NAME = ActionExtensionIcon;
				CODE_SIGN_ENTITLEMENTS = Shared/SakuraRSS.entitlements;
				CODE_SIGN_STYLE = Automatic;
				CURRENT_PROJECT_VERSION = 1;
				DEVELOPMENT_TEAM = YYM4Z6MU8F;
				GENERATE_INFOPLIST_FILE = YES;
				INFOPLIST_FILE = "Add Feed/Info.plist";
				INFOPLIST_KEY_CFBundleDisplayName = "Add Feed";
				INFOPLIST_KEY_NSHumanReadableCopyright = "";
				IPHONEOS_DEPLOYMENT_TARGET = 26.0;
				LD_RUNPATH_SEARCH_PATHS = (
					"$(inherited)",
					"@executable_path/Frameworks",
					"@executable_path/../../Frameworks",
				);
				MARKETING_VERSION = 1.5;
				PRODUCT_BUNDLE_IDENTIFIER = "com.tsubuzaki.SakuraRSS.Add-Feed";
				PRODUCT_NAME = "$(TARGET_NAME)";
				SKIP_INSTALL = YES;
				STRING_CATALOG_GENERATE_SYMBOLS = YES;
				SUPPORTED_PLATFORMS = "iphoneos iphonesimulator";
				SUPPORTS_MACCATALYST = NO;
				SUPPORTS_MAC_DESIGNED_FOR_IPHONE_IPAD = YES;
				SUPPORTS_XR_DESIGNED_FOR_IPHONE_IPAD = NO;
				SWIFT_APPROACHABLE_CONCURRENCY = YES;
				SWIFT_DEFAULT_ACTOR_ISOLATION = MainActor;
				SWIFT_EMIT_LOC_STRINGS = YES;
				SWIFT_UPCOMING_FEATURE_MEMBER_IMPORT_VISIBILITY = YES;
				SWIFT_VERSION = 6.0;
				TARGETED_DEVICE_FAMILY = "1,2";
			};
			name = Release;
		};
		E47D105F2F549822006081EF /* Debug */ = {
			isa = XCBuildConfiguration;
			buildSettings = {
				ASSETCATALOG_COMPILER_GLOBAL_ACCENT_COLOR_NAME = AccentColor;
				ASSETCATALOG_COMPILER_WIDGET_BACKGROUND_COLOR_NAME = WidgetBackground;
				CODE_SIGN_ENTITLEMENTS = Shared/SakuraRSS.entitlements;
				CODE_SIGN_STYLE = Automatic;
				CURRENT_PROJECT_VERSION = 1;
				DEVELOPMENT_TEAM = YYM4Z6MU8F;
				GENERATE_INFOPLIST_FILE = YES;
				INFOPLIST_FILE = Widgets/Info.plist;
				INFOPLIST_KEY_CFBundleDisplayName = Widgets;
				INFOPLIST_KEY_NSHumanReadableCopyright = "";
				IPHONEOS_DEPLOYMENT_TARGET = 26.0;
				LD_RUNPATH_SEARCH_PATHS = (
					"$(inherited)",
					"@executable_path/Frameworks",
					"@executable_path/../../Frameworks",
				);
				MARKETING_VERSION = 1.5;
				PRODUCT_BUNDLE_IDENTIFIER = com.tsubuzaki.SakuraRSS.Widgets;
				PRODUCT_NAME = "$(TARGET_NAME)";
				SKIP_INSTALL = YES;
				STRING_CATALOG_GENERATE_SYMBOLS = YES;
				SUPPORTED_PLATFORMS = "iphoneos iphonesimulator";
				SUPPORTS_MACCATALYST = NO;
				SUPPORTS_MAC_DESIGNED_FOR_IPHONE_IPAD = YES;
				SUPPORTS_XR_DESIGNED_FOR_IPHONE_IPAD = NO;
				SWIFT_APPROACHABLE_CONCURRENCY = YES;
				SWIFT_DEFAULT_ACTOR_ISOLATION = MainActor;
				SWIFT_EMIT_LOC_STRINGS = YES;
				SWIFT_UPCOMING_FEATURE_MEMBER_IMPORT_VISIBILITY = YES;
				SWIFT_VERSION = 5.0;
				TARGETED_DEVICE_FAMILY = "1,2";
			};
			name = Debug;
		};
		E47D10602F549822006081EF /* Release */ = {
			isa = XCBuildConfiguration;
			buildSettings = {
				ASSETCATALOG_COMPILER_GLOBAL_ACCENT_COLOR_NAME = AccentColor;
				ASSETCATALOG_COMPILER_WIDGET_BACKGROUND_COLOR_NAME = WidgetBackground;
				CODE_SIGN_ENTITLEMENTS = Shared/SakuraRSS.entitlements;
				CODE_SIGN_STYLE = Automatic;
				CURRENT_PROJECT_VERSION = 1;
				DEVELOPMENT_TEAM = YYM4Z6MU8F;
				GENERATE_INFOPLIST_FILE = YES;
				INFOPLIST_FILE = Widgets/Info.plist;
				INFOPLIST_KEY_CFBundleDisplayName = Widgets;
				INFOPLIST_KEY_NSHumanReadableCopyright = "";
				IPHONEOS_DEPLOYMENT_TARGET = 26.0;
				LD_RUNPATH_SEARCH_PATHS = (
					"$(inherited)",
					"@executable_path/Frameworks",
					"@executable_path/../../Frameworks",
				);
				MARKETING_VERSION = 1.5;
				PRODUCT_BUNDLE_IDENTIFIER = com.tsubuzaki.SakuraRSS.Widgets;
				PRODUCT_NAME = "$(TARGET_NAME)";
				SKIP_INSTALL = YES;
				STRING_CATALOG_GENERATE_SYMBOLS = YES;
				SUPPORTED_PLATFORMS = "iphoneos iphonesimulator";
				SUPPORTS_MACCATALYST = NO;
				SUPPORTS_MAC_DESIGNED_FOR_IPHONE_IPAD = YES;
				SUPPORTS_XR_DESIGNED_FOR_IPHONE_IPAD = NO;
				SWIFT_APPROACHABLE_CONCURRENCY = YES;
				SWIFT_DEFAULT_ACTOR_ISOLATION = MainActor;
				SWIFT_EMIT_LOC_STRINGS = YES;
				SWIFT_UPCOMING_FEATURE_MEMBER_IMPORT_VISIBILITY = YES;
				SWIFT_VERSION = 5.0;
				TARGETED_DEVICE_FAMILY = "1,2";
			};
			name = Release;
		};
/* End XCBuildConfiguration section */

/* Begin XCConfigurationList section */
		E47D10162F549605006081EF /* Build configuration list for PBXProject "SakuraRSS" */ = {
			isa = XCConfigurationList;
			buildConfigurations = (
				E47D10242F549606006081EF /* Debug */,
				E47D10252F549606006081EF /* Release */,
			);
			defaultConfigurationIsVisible = 0;
			defaultConfigurationName = Release;
		};
		E47D10262F549606006081EF /* Build configuration list for PBXNativeTarget "Sakura" */ = {
			isa = XCConfigurationList;
			buildConfigurations = (
				E47D10272F549606006081EF /* Debug */,
				E47D10282F549606006081EF /* Release */,
			);
			defaultConfigurationIsVisible = 0;
			defaultConfigurationName = Release;
		};
		E47D10452F54980E006081EF /* Build configuration list for PBXNativeTarget "Add Feed" */ = {
			isa = XCConfigurationList;
			buildConfigurations = (
				E47D10462F54980E006081EF /* Debug */,
				E47D10472F54980E006081EF /* Release */,
			);
			defaultConfigurationIsVisible = 0;
			defaultConfigurationName = Release;
		};
		E47D105E2F549822006081EF /* Build configuration list for PBXNativeTarget "WidgetsExtension" */ = {
			isa = XCConfigurationList;
			buildConfigurations = (
				E47D105F2F549822006081EF /* Debug */,
				E47D10602F549822006081EF /* Release */,
			);
			defaultConfigurationIsVisible = 0;
			defaultConfigurationName = Release;
		};
/* End XCConfigurationList section */

/* Begin XCRemoteSwiftPackageReference section */
		E41D93372F8AA5C100FB2880 /* XCRemoteSwiftPackageReference "WhisperKit" */ = {
			isa = XCRemoteSwiftPackageReference;
			repositoryURL = "https://github.com/argmaxinc/WhisperKit.git";
			requirement = {
				branch = main;
				kind = branch;
			};
		};
		E41D98A62F8B3B6E00FB2880 /* XCRemoteSwiftPackageReference "FluidAudio" */ = {
			isa = XCRemoteSwiftPackageReference;
			repositoryURL = "https://github.com/FluidInference/FluidAudio";
			requirement = {
				branch = main;
				kind = branch;
			};
		};
		E47D102C2F5497AC006081EF /* XCRemoteSwiftPackageReference "SQLite.swift" */ = {
			isa = XCRemoteSwiftPackageReference;
			repositoryURL = "https://github.com/stephencelis/SQLite.swift.git";
			requirement = {
				kind = upToNextMajorVersion;
				minimumVersion = 0.15.5;
			};
		};
		E47D10612F54986D006081EF /* XCRemoteSwiftPackageReference "FaviconFinder" */ = {
			isa = XCRemoteSwiftPackageReference;
			repositoryURL = "https://github.com/will-lumley/FaviconFinder";
			requirement = {
				kind = upToNextMajorVersion;
				minimumVersion = 5.1.5;
			};
		};
		E47D13162F549F92006081EF /* XCRemoteSwiftPackageReference "SwiftSoup" */ = {
			isa = XCRemoteSwiftPackageReference;
			repositoryURL = "https://github.com/scinfu/SwiftSoup";
			requirement = {
				kind = upToNextMajorVersion;
				minimumVersion = 2.11.3;
			};
		};
/* End XCRemoteSwiftPackageReference section */

/* Begin XCSwiftPackageProductDependency section */
		AA000001AABB0002006081EF /* SQLite */ = {
			isa = XCSwiftPackageProductDependency;
			package = E47D102C2F5497AC006081EF /* XCRemoteSwiftPackageReference "SQLite.swift" */;
			productName = SQLite;
		};
		AA000001AABB0004006081EF /* SQLite */ = {
			isa = XCSwiftPackageProductDependency;
			package = E47D102C2F5497AC006081EF /* XCRemoteSwiftPackageReference "SQLite.swift" */;
			productName = SQLite;
		};
		E41D93382F8AA5C100FB2880 /* WhisperKit */ = {
			isa = XCSwiftPackageProductDependency;
			package = E41D93372F8AA5C100FB2880 /* XCRemoteSwiftPackageReference "WhisperKit" */;
			productName = WhisperKit;
		};
		E41D98A72F8B3B6E00FB2880 /* FluidAudio */ = {
			isa = XCSwiftPackageProductDependency;
			package = E41D98A62F8B3B6E00FB2880 /* XCRemoteSwiftPackageReference "FluidAudio" */;
			productName = FluidAudio;
		};
		E47D102D2F5497AC006081EF /* SQLite */ = {
			isa = XCSwiftPackageProductDependency;
			package = E47D102C2F5497AC006081EF /* XCRemoteSwiftPackageReference "SQLite.swift" */;
			productName = SQLite;
		};
		E47D10622F54986D006081EF /* FaviconFinder */ = {
			isa = XCSwiftPackageProductDependency;
			package = E47D10612F54986D006081EF /* XCRemoteSwiftPackageReference "FaviconFinder" */;
			productName = FaviconFinder;
		};
		E47D13172F549F92006081EF /* SwiftSoup */ = {
			isa = XCSwiftPackageProductDependency;
			package = E47D13162F549F92006081EF /* XCRemoteSwiftPackageReference "SwiftSoup" */;
			productName = SwiftSoup;
		};
/* End XCSwiftPackageProductDependency section */
	};
	rootObject = E47D10132F549605006081EF /* Project object */;
}
